
Microsoft Visual Studio Solution File, Format Version 12.00
# Visual Studio 15
VisualStudioVersion = 15.0.27703.2000
MinimumVisualStudioVersion = 10.0.40219.1
Project("{FAE04EC0-301F-11D3-BF4B-00C04F79EFBC}") = "ConsoleApp1", "ConsoleApp1\ConsoleApp1.csproj", "{1F4E40C2-7D48-4A06-B06E-20420240554B}"
EndProject
Global
	GlobalSection(SolutionConfigurationPlatforms) = preSolution
		Debug|Any CPU = Debug|Any CPU
		Release|Any CPU = Release|Any CPU
	EndGlobalSection
	GlobalSection(ProjectConfigurationPlatforms) = postSolution
		{1F4E40C2-7D48-4A06-B06E-20420240554B}.Debug|Any CPU.ActiveCfg = Debug|Any CPU
		{1F4E40C2-7D48-4A06-B06E-20420240554B}.Debug|Any CPU.Build.0 = Debug|Any CPU
		{1F4E40C2-7D48-4A06-B06E-20420240554B}.Release|Any CPU.ActiveCfg = Release|Any CPU
		{1F4E40C2-7D48-4A06-B06E-20420240554B}.Release|Any CPU.Build.0 = Release|Any CPU
	EndGlobalSection
	GlobalSection(SolutionProperties) = preSolution
		HideSolutionNode = FALSE
	EndGlobalSection
	GlobalSection(ExtensibilityGlobals) = postSolution
		SolutionGuid = {266DD7C3-643F-456E-8250-5B048361E7C2}
	EndGlobalSection
EndGlobal
